#MicroXplorer Configuration settings - do not modify
Mcu.Family=STM32F1
NVIC.USART3_IRQn=true\:0\:0\:true\:false\:true\:true\:true
ProjectManager.MainLocation=Core/Src
ProjectManager.ProjectFileName=ModbusMaster.ioc
ProjectManager.KeepUserCode=true
PA10.Mode=Asynchronous
Mcu.UserName=STM32F103C8Tx
Mcu.PinsNb=21
PB10.Mode=Asynchronous
ProjectManager.NoMain=false
ADC1.IPParameters=Rank-1\#ChannelRegularConversion,Channel-1\#ChannelRegularConversion,SamplingTime-1\#ChannelRegularConversion,NbrOfConversionFlag,master
RCC.PLLCLKFreq_Value=8000000
ProjectManager.functionlistsort=1-MX_GPIO_Init-GPIO-false-HAL-true,2-SystemClock_Config-RCC-false-HAL-false,3-MX_TIM3_Init-TIM3-false-HAL-true,4-MX_TIM4_Init-TIM4-false-HAL-true,5-MX_USART1_UART_Init-USART1-false-HAL-true,6-MX_ADC1_Init-ADC1-false-HAL-true,7-MX_USART3_UART_Init-USART3-false-HAL-true,8-MX_TIM2_Init-TIM2-false-HAL-true
PA11.GPIOParameters=GPIO_PuPd,GPIO_Label,GPIO_ModeDefaultEXTI
PA3.GPIOParameters=GPIO_Label
PA11.GPIO_Label=SENT
ProjectManager.DefaultFWLocation=true
PB0.GPIO_Label=WriteEnable
PB6.GPIO_Label=DI2
SH.SharedAnalog_PB1.ConfNb=2
PA11.GPIO_PuPd=GPIO_PULLDOWN
ProjectManager.DeletePrevious=true
USART1.IPParameters=VirtualMode
PB11.Signal=USART3_RX
PinOutPanel.RotationAngle=0
RCC.FamilyName=M
ProjectManager.StackSize=0x400
PB5.GPIOParameters=GPIO_Label
PA13.Signal=SYS_JTMS-SWDIO
Mcu.IP4=TIM2
Mcu.IP5=TIM3
NVIC.SVCall_IRQn=true\:0\:0\:false\:false\:true\:false\:false
Mcu.IP2=RCC
Mcu.IP3=SYS
PB4.GPIOParameters=GPIO_Label
Mcu.IP0=ADC1
PA9.Mode=Asynchronous
PA11.Locked=true
Mcu.IP1=NVIC
Mcu.UserConstants=
PB11.Mode=Asynchronous
VP_TIM4_VS_ClockSourceINT.Signal=TIM4_VS_ClockSourceINT
ProjectManager.TargetToolchain=STM32CubeIDE
Mcu.ThirdPartyNb=0
PB7.GPIOParameters=GPIO_Label
Mcu.IPNb=9
ProjectManager.PreviousToolchain=
PA9.Signal=USART1_TX
PB6.Signal=GPIO_Output
ADC1.Channel-1\#ChannelRegularConversion=ADC_CHANNEL_9
PB5.Locked=true
Mcu.Pin6=PB11
Mcu.Pin7=PA9
VP_TIM2_VS_ClockSourceINT.Signal=TIM2_VS_ClockSourceINT
ProjectManager.RegisterCallBack=
Mcu.Pin8=PA10
Mcu.Pin9=PA11
VP_TIM3_VS_ClockSourceINT.Signal=TIM3_VS_ClockSourceINT
Mcu.Pin0=PA3
PB1.Locked=true
Mcu.Pin1=PA4
GPIO.groupedBy=Group By Peripherals
Mcu.Pin2=PA7
PB10.Signal=USART3_TX
Mcu.Pin3=PB0
Mcu.Pin4=PB1
NVIC.EXTI15_10_IRQn=true\:3\:0\:true\:false\:true\:true\:true
Mcu.Pin5=PB10
ProjectManager.ProjectBuild=false
SH.SharedAnalog_PB1.0=GPIO_Analog
NVIC.UsageFault_IRQn=true\:0\:0\:false\:false\:true\:false\:false
SH.SharedAnalog_PB1.1=ADC1_IN9,IN9
NVIC.DebugMonitor_IRQn=true\:0\:0\:false\:false\:true\:false\:false
board=custom
PA4.Locked=true
NVIC.SysTick_IRQn=true\:0\:0\:false\:false\:true\:false\:true
ProjectManager.LastFirmware=true
NVIC.TIM3_IRQn=true\:2\:0\:true\:false\:true\:true\:true
ProjectManager.FirmwarePackage=STM32Cube FW_F1 V1.8.4
MxDb.Version=DB.6.0.21
PB0.GPIOParameters=GPIO_Label
RCC.APB2Freq_Value=8000000
ProjectManager.BackupPrevious=false
MxCube.Version=6.2.1
PB4.GPIO_Label=DE_Pin
VP_TIM2_VS_ClockSourceINT.Mode=Internal
PA14.Mode=Serial_Wire
PB1.GPIO_Label=PotMtr
NVIC.TIM2_IRQn=true\:0\:0\:false\:false\:true\:true\:true
File.Version=6
VP_SYS_VS_Systick.Mode=SysTick
PB3.GPIOParameters=GPIO_Label
PB7.Signal=GPIO_Input
NVIC.NonMaskableInt_IRQn=true\:0\:0\:false\:false\:true\:false\:false
PA4.GPIOParameters=GPIO_Label
SH.GPXTI11.ConfNb=1
PB6.Locked=true
NVIC.PendSV_IRQn=true\:0\:0\:false\:false\:true\:false\:false
PA13.Mode=Serial_Wire
ProjectManager.FreePins=false
RCC.IPParameters=APB1Freq_Value,APB2Freq_Value,FamilyName,PLLCLKFreq_Value,PLLMCOFreq_Value,TimSysFreq_Value
ProjectManager.AskForMigrate=true
Mcu.Name=STM32F103C(8-B)Tx
PB6.GPIOParameters=GPIO_Label
ProjectManager.HalAssertFull=false
PB0.Locked=true
ProjectManager.ProjectName=ModbusMaster
ProjectManager.UnderRoot=true
Mcu.IP8=USART3
Mcu.IP6=TIM4
RCC.PLLMCOFreq_Value=4000000
Mcu.IP7=USART1
ProjectManager.CoupleFile=false
PB4.Locked=true
PB7.GPIO_Label=DI3
PB3.Signal=GPIO_Output
PA4.Signal=GPIO_Output
ADC1.SamplingTime-1\#ChannelRegularConversion=ADC_SAMPLETIME_1CYCLE_5
Mcu.Package=LQFP48
PB5.Signal=GPIO_Input
PB1.Signal=SharedAnalog_PB1
RCC.TimSysFreq_Value=8000000
PA7.GPIO_Label=ReadEnable
Mcu.Pin20=VP_TIM4_VS_ClockSourceINT
ADC1.master=1
PA7.Locked=true
PA3.Locked=true
SH.GPXTI11.0=GPIO_EXTI11
NVIC.ForceEnableDMAVector=true
KeepUserPlacement=false
USART3.VirtualMode=VM_ASYNC
NVIC.MemoryManagement_IRQn=true\:0\:0\:false\:false\:true\:false\:false
USART1.VirtualMode=VM_ASYNC
ProjectManager.CompilerOptimize=6
ADC1.Rank-1\#ChannelRegularConversion=1
ProjectManager.ToolChainLocation=
PA11.Signal=GPXTI11
VP_SYS_VS_Systick.Signal=SYS_VS_Systick
USART3.IPParameters=VirtualMode
PA10.Signal=USART1_RX
PA14.Signal=SYS_JTCK-SWCLK
ProjectManager.HeapSize=0x200
Mcu.Pin15=PB6
NVIC.HardFault_IRQn=true\:0\:0\:false\:false\:true\:false\:false
Mcu.Pin16=PB7
Mcu.Pin13=PB4
Mcu.Pin14=PB5
Mcu.Pin19=VP_TIM3_VS_ClockSourceINT
ProjectManager.ComputerToolchain=false
Mcu.Pin17=VP_SYS_VS_Systick
Mcu.Pin18=VP_TIM2_VS_ClockSourceINT
VP_TIM4_VS_ClockSourceINT.Mode=Internal
NVIC.PriorityGroup=NVIC_PRIORITYGROUP_4
ADC1.NbrOfConversionFlag=1
Mcu.Pin11=PA14
PB5.GPIO_Label=DI1
Mcu.Pin12=PB3
Mcu.Pin10=PA13
PB7.Locked=true
NVIC.BusFault_IRQn=true\:0\:0\:false\:false\:true\:false\:false
NVIC.TIM4_IRQn=true\:1\:0\:true\:false\:true\:true\:true
PA11.GPIO_ModeDefaultEXTI=GPIO_MODE_IT_RISING
RCC.APB1Freq_Value=8000000
PB0.Signal=GPIO_Input
PA4.GPIO_Label=DO2
PA7.GPIOParameters=GPIO_Label
ProjectManager.CustomerFirmwarePackage=
VP_TIM3_VS_ClockSourceINT.Mode=Internal
ProjectManager.DeviceId=STM32F103C8Tx
ProjectManager.LibraryCopy=1
PB3.Locked=true
PB4.Signal=GPIO_Output
PA3.GPIO_Label=DO1
PA3.Signal=GPIO_Output
PB1.GPIOParameters=GPIO_Label
PA7.Signal=GPIO_Input
PB3.GPIO_Label=RE_Pin
isbadioc=false
