#MicroXplorer Configuration settings - do not modify
Mcu.Family=STM32F1
NVIC.USART3_IRQn=true\:0\:0\:false\:false\:true\:true\:true
ProjectManager.MainLocation=Core/Src
ProjectManager.ProjectFileName=ModbusSlave.ioc
ADC1.Rank-0\#ChannelRegularConversion=1
ProjectManager.KeepUserCode=true
PA10.Mode=Asynchronous
Mcu.UserName=STM32F103C8Tx
Mcu.PinsNb=20
PB10.Mode=Asynchronous
VP_ADC1_TempSens_Input.Mode=IN-TempSens
ADC1.ContinuousConvMode=ENABLE
ProjectManager.NoMain=false
SH.SharedAnalog_PA0.0=GPIO_Analog
TIM1.IPParameters=Channel-PWM Generation1 CH1,Prescaler,Period,Pulse-PWM Generation1 CH1
SH.SharedAnalog_PA0.1=ADC1_IN0,IN0
ADC1.IPParameters=Rank-0\#ChannelRegularConversion,Channel-0\#ChannelRegularConversion,SamplingTime-0\#ChannelRegularConversion,NbrOfConversionFlag,ContinuousConvMode,master
RCC.PLLCLKFreq_Value=8000000
PB6.GPIO_PuPd=GPIO_PULLDOWN
ProjectManager.functionlistsort=1-MX_GPIO_Init-GPIO-false-HAL-true,2-SystemClock_Config-RCC-false-HAL-false,3-MX_TIM3_Init-TIM3-false-HAL-true,4-MX_TIM4_Init-TIM4-false-HAL-true,5-MX_USART1_UART_Init-USART1-false-HAL-true,6-MX_TIM1_Init-TIM1-false-HAL-true,7-MX_USART3_UART_Init-USART3-false-HAL-true,8-MX_ADC1_Init-ADC1-false-HAL-true
PA3.GPIOParameters=GPIO_Label
ProjectManager.DefaultFWLocation=true
PB6.GPIO_Label=DI2
TIM1.Pulse-PWM\ Generation1\ CH1=0
ProjectManager.DeletePrevious=true
SH.S_TIM1_CH1.ConfNb=1
USART1.IPParameters=VirtualMode
PB11.Signal=USART3_RX
PinOutPanel.RotationAngle=0
RCC.FamilyName=M
ProjectManager.StackSize=0x400
PA0-WKUP.GPIO_Label=AI1
PB5.GPIOParameters=GPIO_PuPd,GPIO_Label
PA0-WKUP.Signal=SharedAnalog_PA0
PA0-WKUP.Locked=true
PA13.Signal=SYS_JTMS-SWDIO
Mcu.IP4=TIM1
Mcu.IP5=TIM3
NVIC.SVCall_IRQn=true\:0\:0\:false\:false\:true\:false\:false
Mcu.IP2=RCC
Mcu.IP3=SYS
PB4.GPIOParameters=GPIO_Label
Mcu.IP0=ADC1
PA9.Mode=Asynchronous
Mcu.IP1=NVIC
TIM1.Prescaler=0
SH.S_TIM1_CH1.0=TIM1_CH1,PWM Generation1 CH1
Mcu.UserConstants=
PB11.Mode=Asynchronous
VP_TIM4_VS_ClockSourceINT.Signal=TIM4_VS_ClockSourceINT
ProjectManager.TargetToolchain=STM32CubeIDE
Mcu.ThirdPartyNb=0
Mcu.IPNb=9
ProjectManager.PreviousToolchain=
PA9.Signal=USART1_TX
PB6.Signal=GPIO_Input
VP_TIM1_VS_ClockSourceINT.Signal=TIM1_VS_ClockSourceINT
PB5.Locked=true
Mcu.Pin6=PA8
Mcu.Pin7=PA9
ProjectManager.RegisterCallBack=
Mcu.Pin8=PA10
Mcu.Pin9=PA13
VP_TIM3_VS_ClockSourceINT.Signal=TIM3_VS_ClockSourceINT
Mcu.Pin0=PA0-WKUP
Mcu.Pin1=PA3
GPIO.groupedBy=Group By Peripherals
Mcu.Pin2=PA4
PB10.Signal=USART3_TX
Mcu.Pin3=PA5
Mcu.Pin4=PB10
PA0-WKUP.GPIOParameters=GPIO_Label
Mcu.Pin5=PB11
PA5.Signal=GPIO_Output
ADC1.Channel-0\#ChannelRegularConversion=ADC_CHANNEL_0
ProjectManager.ProjectBuild=false
NVIC.UsageFault_IRQn=true\:0\:0\:false\:false\:true\:false\:false
NVIC.DebugMonitor_IRQn=true\:0\:0\:false\:false\:true\:false\:false
board=custom
PA4.Locked=true
NVIC.SysTick_IRQn=true\:0\:0\:false\:false\:true\:false\:true
ProjectManager.LastFirmware=true
NVIC.TIM3_IRQn=true\:2\:0\:true\:false\:true\:true\:true
ProjectManager.FirmwarePackage=STM32Cube FW_F1 V1.8.4
MxDb.Version=DB.6.0.21
RCC.APB2Freq_Value=8000000
ProjectManager.BackupPrevious=false
MxCube.Version=6.2.1
PB4.GPIO_Label=DE_Pin
TIM1.Channel-PWM\ Generation1\ CH1=TIM_CHANNEL_1
PA14.Mode=Serial_Wire
VP_ADC1_TempSens_Input.Signal=ADC1_TempSens_Input
File.Version=6
VP_SYS_VS_Systick.Mode=SysTick
PB3.GPIOParameters=GPIO_Label
PA8.Signal=S_TIM1_CH1
NVIC.NonMaskableInt_IRQn=true\:0\:0\:false\:false\:true\:false\:false
PA4.GPIOParameters=GPIO_Label
PB6.Locked=true
NVIC.PendSV_IRQn=true\:0\:0\:false\:false\:true\:false\:false
SH.SharedAnalog_PA0.ConfNb=2
PA13.Mode=Serial_Wire
ProjectManager.FreePins=false
RCC.IPParameters=APB1Freq_Value,APB2Freq_Value,FamilyName,PLLCLKFreq_Value,PLLMCOFreq_Value,TimSysFreq_Value
ProjectManager.AskForMigrate=true
Mcu.Name=STM32F103C(8-B)Tx
PB6.GPIOParameters=GPIO_PuPd,GPIO_Label
ProjectManager.HalAssertFull=false
VP_TIM1_VS_ClockSourceINT.Mode=Internal
ADC1.SamplingTime-0\#ChannelRegularConversion=ADC_SAMPLETIME_1CYCLE_5
ProjectManager.ProjectName=ModbusSlave
ProjectManager.UnderRoot=true
Mcu.IP8=USART3
Mcu.IP6=TIM4
RCC.PLLMCOFreq_Value=4000000
Mcu.IP7=USART1
ProjectManager.CoupleFile=false
PB4.Locked=true
PB3.Signal=GPIO_Output
PA4.Signal=GPIO_Output
Mcu.Package=LQFP48
PB5.Signal=GPIO_Input
RCC.TimSysFreq_Value=8000000
ADC1.master=1
PA5.Locked=true
PA5.GPIO_Label=DO3
NVIC.ForceEnableDMAVector=true
KeepUserPlacement=false
USART3.VirtualMode=VM_ASYNC
PB5.GPIO_PuPd=GPIO_PULLDOWN
NVIC.MemoryManagement_IRQn=true\:0\:0\:false\:false\:true\:false\:false
USART1.VirtualMode=VM_ASYNC
ProjectManager.CompilerOptimize=6
ProjectManager.ToolChainLocation=
VP_SYS_VS_Systick.Signal=SYS_VS_Systick
USART3.IPParameters=VirtualMode
PA10.Signal=USART1_RX
PA14.Signal=SYS_JTCK-SWCLK
ProjectManager.HeapSize=0x200
Mcu.Pin15=VP_ADC1_TempSens_Input
NVIC.HardFault_IRQn=true\:0\:0\:false\:false\:true\:false\:false
Mcu.Pin16=VP_SYS_VS_Systick
PA5.GPIOParameters=GPIO_Label
Mcu.Pin13=PB5
Mcu.Pin14=PB6
Mcu.Pin19=VP_TIM4_VS_ClockSourceINT
ProjectManager.ComputerToolchain=false
Mcu.Pin17=VP_TIM1_VS_ClockSourceINT
Mcu.Pin18=VP_TIM3_VS_ClockSourceINT
VP_TIM4_VS_ClockSourceINT.Mode=Internal
NVIC.PriorityGroup=NVIC_PRIORITYGROUP_4
ADC1.NbrOfConversionFlag=1
Mcu.Pin11=PB3
Mcu.Pin12=PB4
PB5.GPIO_Label=DI1
Mcu.Pin10=PA14
NVIC.BusFault_IRQn=true\:0\:0\:false\:false\:true\:false\:false
TIM1.Period=65535
NVIC.USART1_IRQn=true\:3\:0\:true\:false\:true\:true\:true
NVIC.TIM4_IRQn=true\:1\:0\:true\:false\:true\:true\:true
RCC.APB1Freq_Value=8000000
PA4.GPIO_Label=DO2
ProjectManager.CustomerFirmwarePackage=
VP_TIM3_VS_ClockSourceINT.Mode=Internal
ProjectManager.DeviceId=STM32F103C8Tx
ProjectManager.LibraryCopy=1
PB3.Locked=true
PB4.Signal=GPIO_Output
PA3.GPIO_Label=DO1
PA3.Signal=GPIO_Output
PB3.GPIO_Label=RE_Pin
isbadioc=false
